
Microsoft Visual Studio Solution File, Format Version 12.00
# Visual Studio Version 17
VisualStudioVersion = 17.12.35707.178 d17.12
MinimumVisualStudioVersion = 10.0.40219.1
Project("{FAE04EC0-301F-11D3-BF4B-00C04F79EFBC}") = "CrudData.Server", "CrudData.Server\CrudData.Server.csproj", "{70377B4B-059C-479F-9A96-8C8A97B25AD7}"
EndProject
Project("{54A90642-561A-4BB1-A94E-469ADEE60C69}") = "cruddata.client", "cruddata.client\cruddata.client.esproj", "{8EFE0F21-32A3-41CA-8BB6-59FFE0918C7C}"
EndProject
Project("{FAE04EC0-301F-11D3-BF4B-00C04F79EFBC}") = "StoreTestData", "StoreTestData\StoreTestData.csproj", "{F17E42D2-3020-4567-8A73-8275A9C0EC9B}"
EndProject
Global
	GlobalSection(SolutionConfigurationPlatforms) = preSolution
		Debug|Any CPU = Debug|Any CPU
		Release|Any CPU = Release|Any CPU
	EndGlobalSection
	GlobalSection(ProjectConfigurationPlatforms) = postSolution
		{70377B4B-059C-479F-9A96-8C8A97B25AD7}.Debug|Any CPU.ActiveCfg = Debug|Any CPU
		{70377B4B-059C-479F-9A96-8C8A97B25AD7}.Debug|Any CPU.Build.0 = Debug|Any CPU
		{70377B4B-059C-479F-9A96-8C8A97B25AD7}.Release|Any CPU.ActiveCfg = Release|Any CPU
		{70377B4B-059C-479F-9A96-8C8A97B25AD7}.Release|Any CPU.Build.0 = Release|Any CPU
		{8EFE0F21-32A3-41CA-8BB6-59FFE0918C7C}.Debug|Any CPU.ActiveCfg = Debug|Any CPU
		{8EFE0F21-32A3-41CA-8BB6-59FFE0918C7C}.Debug|Any CPU.Build.0 = Debug|Any CPU
		{8EFE0F21-32A3-41CA-8BB6-59FFE0918C7C}.Debug|Any CPU.Deploy.0 = Debug|Any CPU
		{8EFE0F21-32A3-41CA-8BB6-59FFE0918C7C}.Release|Any CPU.ActiveCfg = Release|Any CPU
		{8EFE0F21-32A3-41CA-8BB6-59FFE0918C7C}.Release|Any CPU.Build.0 = Release|Any CPU
		{8EFE0F21-32A3-41CA-8BB6-59FFE0918C7C}.Release|Any CPU.Deploy.0 = Release|Any CPU
		{F17E42D2-3020-4567-8A73-8275A9C0EC9B}.Debug|Any CPU.ActiveCfg = Debug|Any CPU
		{F17E42D2-3020-4567-8A73-8275A9C0EC9B}.Debug|Any CPU.Build.0 = Debug|Any CPU
		{F17E42D2-3020-4567-8A73-8275A9C0EC9B}.Release|Any CPU.ActiveCfg = Release|Any CPU
		{F17E42D2-3020-4567-8A73-8275A9C0EC9B}.Release|Any CPU.Build.0 = Release|Any CPU
	EndGlobalSection
	GlobalSection(SolutionProperties) = preSolution
		HideSolutionNode = FALSE
	EndGlobalSection
EndGlobal
